
Microsoft Visual Studio Solution File, Format Version 12.00
# Visual Studio 2013
VisualStudioVersion = 12.0.21005.1
MinimumVisualStudioVersion = 10.0.40219.1
Project("{FAE04EC0-301F-11D3-BF4B-00C04F79EFBC}") = "1. GenericBox", "GenericsOOPAdvancedExercises\1. GenericBox.csproj", "{B267E5CD-05E8-41B8-A039-BCD5A25C2CF8}"
EndProject
Project("{FAE04EC0-301F-11D3-BF4B-00C04F79EFBC}") = "2. GenericBoxOfString", "GenericBoxOfString\2. GenericBoxOfString.csproj", "{5E93C109-2273-4553-9E99-9BE296BA2426}"
EndProject
Project("{FAE04EC0-301F-11D3-BF4B-00C04F79EFBC}") = "3. GenericBoxOfIntegers", "GenericBoxOfIntegers\3. GenericBoxOfIntegers.csproj", "{F4007B8B-3D9B-47A0-9514-DC1FC30D7BC0}"
EndProject
Project("{FAE04EC0-301F-11D3-BF4B-00C04F79EFBC}") = "4. GenericSwapMethodStrings", "4. GenericSwapMethodStrings\4. GenericSwapMethodStrings.csproj", "{63FB9ADA-8C1D-463C-A18D-FD2D6D28F8D4}"
EndProject
Project("{FAE04EC0-301F-11D3-BF4B-00C04F79EFBC}") = "5. GenericCountMethodStrings", "5. GenericCountMethodStrings\5. GenericCountMethodStrings.csproj", "{526ED5FC-03DC-4AD5-A459-649667CB98B5}"
EndProject
Global
	GlobalSection(SolutionConfigurationPlatforms) = preSolution
		Debug|Any CPU = Debug|Any CPU
		Release|Any CPU = Release|Any CPU
	EndGlobalSection
	GlobalSection(ProjectConfigurationPlatforms) = postSolution
		{B267E5CD-05E8-41B8-A039-BCD5A25C2CF8}.Debug|Any CPU.ActiveCfg = Debug|Any CPU
		{B267E5CD-05E8-41B8-A039-BCD5A25C2CF8}.Debug|Any CPU.Build.0 = Debug|Any CPU
		{B267E5CD-05E8-41B8-A039-BCD5A25C2CF8}.Release|Any CPU.ActiveCfg = Release|Any CPU
		{B267E5CD-05E8-41B8-A039-BCD5A25C2CF8}.Release|Any CPU.Build.0 = Release|Any CPU
		{5E93C109-2273-4553-9E99-9BE296BA2426}.Debug|Any CPU.ActiveCfg = Debug|Any CPU
		{5E93C109-2273-4553-9E99-9BE296BA2426}.Debug|Any CPU.Build.0 = Debug|Any CPU
		{5E93C109-2273-4553-9E99-9BE296BA2426}.Release|Any CPU.ActiveCfg = Release|Any CPU
		{5E93C109-2273-4553-9E99-9BE296BA2426}.Release|Any CPU.Build.0 = Release|Any CPU
		{F4007B8B-3D9B-47A0-9514-DC1FC30D7BC0}.Debug|Any CPU.ActiveCfg = Debug|Any CPU
		{F4007B8B-3D9B-47A0-9514-DC1FC30D7BC0}.Debug|Any CPU.Build.0 = Debug|Any CPU
		{F4007B8B-3D9B-47A0-9514-DC1FC30D7BC0}.Release|Any CPU.ActiveCfg = Release|Any CPU
		{F4007B8B-3D9B-47A0-9514-DC1FC30D7BC0}.Release|Any CPU.Build.0 = Release|Any CPU
		{63FB9ADA-8C1D-463C-A18D-FD2D6D28F8D4}.Debug|Any CPU.ActiveCfg = Debug|Any CPU
		{63FB9ADA-8C1D-463C-A18D-FD2D6D28F8D4}.Debug|Any CPU.Build.0 = Debug|Any CPU
		{63FB9ADA-8C1D-463C-A18D-FD2D6D28F8D4}.Release|Any CPU.ActiveCfg = Release|Any CPU
		{63FB9ADA-8C1D-463C-A18D-FD2D6D28F8D4}.Release|Any CPU.Build.0 = Release|Any CPU
		{526ED5FC-03DC-4AD5-A459-649667CB98B5}.Debug|Any CPU.ActiveCfg = Debug|Any CPU
		{526ED5FC-03DC-4AD5-A459-649667CB98B5}.Debug|Any CPU.Build.0 = Debug|Any CPU
		{526ED5FC-03DC-4AD5-A459-649667CB98B5}.Release|Any CPU.ActiveCfg = Release|Any CPU
		{526ED5FC-03DC-4AD5-A459-649667CB98B5}.Release|Any CPU.Build.0 = Release|Any CPU
	EndGlobalSection
	GlobalSection(SolutionProperties) = preSolution
		HideSolutionNode = FALSE
	EndGlobalSection
EndGlobal
